Microsoft Visual Studio Solution File, Format Version 11.00
# Visual Studio 2008

Project("{3C2B6215-AA8B-9685-9689-C2AC7196086E}") = "othelloOp", "Assembly-CSharp.csproj", "{757F2496-3E51-572D-1C4B-038E8C3D487B}"
EndProject
Global
	GlobalSection(SolutionConfigurationPlatforms) = preSolution
		Debug|Any CPU = Debug|Any CPU
		Release|Any CPU = Release|Any CPU
	EndGlobalSection
	GlobalSection(ProjectConfigurationPlatforms) = postSolution
		{757F2496-3E51-572D-1C4B-038E8C3D487B}.Debug|Any CPU.ActiveCfg = Debug|Any CPU
		{757F2496-3E51-572D-1C4B-038E8C3D487B}.Debug|Any CPU.Build.0 = Debug|Any CPU
		{757F2496-3E51-572D-1C4B-038E8C3D487B}.Release|Any CPU.ActiveCfg = Release|Any CPU
		{757F2496-3E51-572D-1C4B-038E8C3D487B}.Release|Any CPU.Build.0 = Release|Any CPU
	EndGlobalSection
	GlobalSection(SolutionProperties) = preSolution
		HideSolutionNode = FALSE
	EndGlobalSection
	GlobalSection(MonoDevelopProperties) = preSolution
		StartupItem = Assembly-CSharp.csproj
	EndGlobalSection
EndGlobal
